<?xml version="1.0" encoding="utf-8"?>
<Project ToolsVersion="4.0" xmlns="http://schemas.microsoft.com/developer/msbuild/2003">
  <ItemGroup>
    <ClCompile Include="StdAfx.cpp" />
    <ClCompile Include="GameDll.cpp">
      <Filter>Startup Files</Filter>
    </ClCompile>
    <ClCompile Include="GameStartup.cpp">
      <Filter>Startup Files</Filter>
    </ClCompile>
    <ClCompile Include="Game.cpp">
      <Filter>Game</Filter>
    </ClCompile>
    <ClCompile Include="Editor\EditorGame.cpp">
      <Filter>Game\EditorGame</Filter>
    </ClCompile>
    <ClCompile Include="Actor.cpp">
      <Filter>Actor</Filter>
    </ClCompile>
    <ClCompile Include="GameRules.cpp">
      <Filter>GameRules</Filter>
    </ClCompile>
    <ClCompile Include="ScriptBind_GameRules.cpp">
      <Filter>GameRules</Filter>
    </ClCompile>
    <ClCompile Include="Editor\GameRealtimeRemoteUpdate.cpp">
      <Filter>Game\EditorGame</Filter>
    </ClCompile>
  </ItemGroup>
  <ItemGroup>
    <ClInclude Include="StdAfx.h" />
    <ClInclude Include="Game.h">
      <Filter>Game</Filter>
    </ClInclude>
    <ClInclude Include="resource.h">
      <Filter>Resources</Filter>
    </ClInclude>
    <ClInclude Include="GameStartup.h">
      <Filter>Startup Files</Filter>
    </ClInclude>
    <ClInclude Include="StartupSettings.h">
      <Filter>Startup Files</Filter>
    </ClInclude>
    <ClInclude Include="GameSettings.h">
      <Filter>Game</Filter>
    </ClInclude>
    <ClInclude Include="Editor\EditorGame.h">
      <Filter>Game\EditorGame</Filter>
    </ClInclude>
    <ClInclude Include="Actor.h">
      <Filter>Actor</Filter>
    </ClInclude>
    <ClInclude Include="GameRules.h">
      <Filter>GameRules</Filter>
    </ClInclude>
    <ClInclude Include="ScriptBind_GameRules.h">
      <Filter>GameRules</Filter>
    </ClInclude>
    <ClInclude Include="Editor\GameRealtimeRemoteUpdate.h">
      <Filter>Game\EditorGame</Filter>
    </ClInclude>
  </ItemGroup>
  <ItemGroup>
    <Filter Include="Startup Files">
      <UniqueIdentifier>{ef550d23-b592-49b5-8286-a3b61434226e}</UniqueIdentifier>
    </Filter>
    <Filter Include="Game">
      <UniqueIdentifier>{0ce7428b-4f37-4cc8-a373-dbeb12c6981a}</UniqueIdentifier>
    </Filter>
    <Filter Include="Resources">
      <UniqueIdentifier>{9cb73f17-17f4-490e-a053-b951d177a7ba}</UniqueIdentifier>
    </Filter>
    <Filter Include="Game\EditorGame">
      <UniqueIdentifier>{48812254-7808-41d7-a00a-ffc91229c206}</UniqueIdentifier>
    </Filter>
    <Filter Include="Actor">
      <UniqueIdentifier>{1afe0bdb-febd-4c4e-832f-5abf1cb15c53}</UniqueIdentifier>
    </Filter>
    <Filter Include="GameRules">
      <UniqueIdentifier>{e6d934c5-215d-41c7-ad6a-4f7fa3aaaa46}</UniqueIdentifier>
    </Filter>
  </ItemGroup>
  <ItemGroup>
    <ResourceCompile Include="CryGame.rc">
      <Filter>Resources</Filter>
    </ResourceCompile>
  </ItemGroup>
  <ItemGroup>
    <None Include="Cursor.cur">
      <Filter>Resources</Filter>
    </None>
    <None Include="CryGame.ico">
      <Filter>Resources</Filter>
    </None>
  </ItemGroup>
</Project>